
Microsoft Visual Studio Solution File, Format Version 12.00
# Visual Studio Version 17
VisualStudioVersion = 17.7.34024.191
MinimumVisualStudioVersion = 10.0.40219.1
Project("{FAE04EC0-301F-11D3-BF4B-00C04F79EFBC}") = "Blog.Web", "Blog.Web\Blog.Web.csproj", "{67D755CC-AFFC-44A0-B085-98214392BCF1}"
EndProject
Global
	GlobalSection(SolutionConfigurationPlatforms) = preSolution
		Debug|Any CPU = Debug|Any CPU
		Release|Any CPU = Release|Any CPU
	EndGlobalSection
	GlobalSection(ProjectConfigurationPlatforms) = postSolution
		{67D755CC-AFFC-44A0-B085-98214392BCF1}.Debug|Any CPU.ActiveCfg = Debug|Any CPU
		{67D755CC-AFFC-44A0-B085-98214392BCF1}.Debug|Any CPU.Build.0 = Debug|Any CPU
		{67D755CC-AFFC-44A0-B085-98214392BCF1}.Release|Any CPU.ActiveCfg = Release|Any CPU
		{67D755CC-AFFC-44A0-B085-98214392BCF1}.Release|Any CPU.Build.0 = Release|Any CPU
	EndGlobalSection
	GlobalSection(SolutionProperties) = preSolution
		HideSolutionNode = FALSE
	EndGlobalSection
	GlobalSection(ExtensibilityGlobals) = postSolution
		SolutionGuid = {D79045A4-245C-49EE-BB5F-35546336A7F0}
	EndGlobalSection
EndGlobal
